Microsoft Visual Studio Solution File, Format Version 12.00
# Visual Studio Version 17
VisualStudioVersion = 17.5.2.0
MinimumVisualStudioVersion = 10.0.40219.1
Project("{FAE04EC0-301F-11D3-BF4B-00C04F79EFBC}") = "LTM", "LTM.csproj", "{F1C68446-82A9-4F12-BB9A-17FEDE81B6D5}"
EndProject
Global
	GlobalSection(SolutionConfigurationPlatforms) = preSolution
		Debug|Any CPU = Debug|Any CPU
		Release|Any CPU = Release|Any CPU
	EndGlobalSection
	GlobalSection(ProjectConfigurationPlatforms) = postSolution
		{F1C68446-82A9-4F12-BB9A-17FEDE81B6D5}.Debug|Any CPU.ActiveCfg = Debug|Any CPU
		{F1C68446-82A9-4F12-BB9A-17FEDE81B6D5}.Debug|Any CPU.Build.0 = Debug|Any CPU
		{F1C68446-82A9-4F12-BB9A-17FEDE81B6D5}.Release|Any CPU.ActiveCfg = Release|Any CPU
		{F1C68446-82A9-4F12-BB9A-17FEDE81B6D5}.Release|Any CPU.Build.0 = Release|Any CPU
	EndGlobalSection
	GlobalSection(SolutionProperties) = preSolution
		HideSolutionNode = FALSE
	EndGlobalSection
	GlobalSection(ExtensibilityGlobals) = postSolution
		SolutionGuid = {A3A1CDE5-BD5C-4ED7-B472-A8E5EFAB3539}
	EndGlobalSection
EndGlobal
